lockfileVersion: '6.0'

settings:
  autoInstallPeers: true
  excludeLinksFromLockfile: false

dependencies:
  '@effect/schema':
    specifier: ^0.30.0
    version: 0.30.0
  effect:
    specifier: 2.0.0-next.19
    version: 2.0.0-next.19

devDependencies:
  '@total-typescript/ts-reset':
    specifier: ^0.4.2
    version: 0.4.2
  typescript:
    specifier: ^5.1.6
    version: 5.1.6

packages:

  /@effect/data@0.16.0:
    resolution: {integrity: sha512-ckZ/WvvI4zZGo+vRVTRBfBi4KvY9ZjLlnDWlrfhKnAJvgDu6SI8A5FJ8c/eJphmtLWNdoQx8j9pFhWLSIQe5RQ==}
    dev: false

  /@effect/io@0.35.1:
    resolution: {integrity: sha512-kSYaYXSzBkDdtEgBOBZTOsF+7D9HRiMNwkDTGRARRow/5zXJVZxHxDAZJdA/3Am7irCD7yeDDsxsMVwqgfJdYg==}
    dependencies:
      '@effect/data': 0.16.0
    dev: false

  /@effect/schema@0.30.0:
    resolution: {integrity: sha512-Pj0MUD6kfYwUPUYejig2hAcQUR4aH+9e3My+puc3VkfLLlY1XkyMUIZZGV/B36iZYdMsNF4sEvpzXcZwZOaI6A==}
    dependencies:
      '@effect/data': 0.16.0
      '@effect/io': 0.35.1
      fast-check: 3.11.0
    dev: false

  /@total-typescript/ts-reset@0.4.2:
    resolution: {integrity: sha512-vqd7ZUDSrXFVT1n8b2kc3LnklncDQFPvR58yUS1kEP23/nHPAO9l1lMjUfnPrXYYk4Hj54rrLKMW5ipwk7k09A==}
    dev: true

  /effect@2.0.0-next.19:
    resolution: {integrity: sha512-Zz6mnnu1xNWPzGs27r0tV7Tvruio5BYEgzChxqULJS/M35MRS02vC8lEURnvqNoAAEbViOUyjC5W9AGQ3fJ6LQ==}
    dependencies:
      '@effect/data': 0.16.0
      '@effect/io': 0.35.1
    dev: false

  /fast-check@3.11.0:
    resolution: {integrity: sha512-H2tctb7AGfFQfz+DEr3UWhJ3s47LXsGp5g3jeJr5tHjnf4xUvpArIqiwcDmL2EXiv+auLHIpF5MqaIpIKvpxiA==}
    engines: {node: '>=8.0.0'}
    dependencies:
      pure-rand: 6.0.2
    dev: false

  /pure-rand@6.0.2:
    resolution: {integrity: sha512-6Yg0ekpKICSjPswYOuC5sku/TSWaRYlA0qsXqJgM/d/4pLPHPuTxK7Nbf7jFKzAeedUhR8C7K9Uv63FBsSo8xQ==}
    dev: false

  /typescript@5.1.6:
    resolution: {integrity: sha512-zaWCozRZ6DLEWAWFrVDz1H6FVXzUSfTy5FUMWsQlU8Ym5JP9eO4xkTIROFCQvhQf61z6O/G6ugw3SgAnvvm+HA==}
    engines: {node: '>=14.17'}
    hasBin: true
    dev: true
